// !$*UTF8*$!
{
	archiveVersion = 1;
	classes = {
	};
	objectVersion = 46;
	objects = {

/* Begin PBXBuildFile section */
		46FBD0A51F054DB2004D1A29 /* AppDelegate.swift in Sources */ = {isa = PBXBuildFile; fileRef = 46FBD0A41F054DB2004D1A29 /* AppDelegate.swift */; };
		46FBD0A71F054DB2004D1A29 /* ViewController.swift in Sources */ = {isa = PBXBuildFile; fileRef = 46FBD0A61F054DB2004D1A29 /* ViewController.swift */; };
		46FBD0AA1F054DB2004D1A29 /* Main.storyboard in Resources */ = {isa = PBXBuildFile; fileRef = 46FBD0A81F054DB2004D1A29 /* Main.storyboard */; };
		46FBD0AC1F054DB2004D1A29 /* Assets.xcassets in Resources */ = {isa = PBXBuildFile; fileRef = 46FBD0AB1F054DB2004D1A29 /* Assets.xcassets */; };
		46FBD0AF1F054DB2004D1A29 /* LaunchScreen.storyboard in Resources */ = {isa = PBXBuildFile; fileRef = 46FBD0AD1F054DB2004D1A29 /* LaunchScreen.storyboard */; };
/* End PBXBuildFile section */

/* Begin PBXFileReference section */
		46FBD0A11F054DB2004D1A29 /* CustomCount.app */ = {isa = PBXFileReference; explicitFileType = wrapper.application; includeInIndex = 0; path = CustomCount.app; sourceTree = BUILT_PRODUCTS_DIR; };
		46FBD0A41F054DB2004D1A29 /* AppDelegate.swift */ = {isa = PBXFileReference; lastKnownFileType = sourcecode.swift; path = AppDelegate.swift; sourceTree = "<group>"; };
		46FBD0A61F054DB2004D1A29 /* ViewController.swift */ = {isa = PBXFileReference; lastKnownFileType = sourcecode.swift; path = ViewController.swift; sourceTree = "<group>"; };
		46FBD0A91F054DB2004D1A29 /* Base */ = {isa = PBXFileReference; lastKnownFileType = file.storyboard; name = Base; path = Base.lproj/Main.storyboard; sourceTree = "<group>"; };
		46FBD0AB1F054DB2004D1A29 /* Assets.xcassets */ = {isa = PBXFileReference; lastKnownFileType = folder.assetcatalog; path = Assets.xcassets; sourceTree = "<group>"; };
		46FBD0AE1F054DB2004D1A29 /* Base */ = {isa = PBXFileReference; lastKnownFileType = file.storyboard; name = Base; path = Base.lproj/LaunchScreen.storyboard; sourceTree = "<group>"; };
		46FBD0B01F054DB2004D1A29 /* Info.plist */ = {isa = PBXFileReference; lastKnownFileType = text.plist.xml; path = Info.plist; sourceTree = "<group>"; };
/* End PBXFileReference section */

/* Begin PBXFrameworksBuildPhase section */
		46FBD09E1F054DB2004D1A29 /* Frameworks */ = {
			isa = PBXFrameworksBuildPhase;
			buildActionMask = 2147483647;
			files = (
			);
			runOnlyForDeploymentPostprocessing = 0;
		};
/* End PBXFrameworksBuildPhase section */

/* Begin PBXGroup section */
		46FBD0981F054DB2004D1A29 = {
			isa = PBXGroup;
			children = (
				46FBD0A31F054DB2004D1A29 /* CustomCount */,
				46FBD0A21F054DB2004D1A29 /* Products */,
			);
			sourceTree = "<group>";
		};
		46FBD0A21F054DB2004D1A29 /* Products */ = {
			isa = PBXGroup;
			children = (
				46FBD0A11F054DB2004D1A29 /* CustomCount.app */,
			);
			name = Products;
			sourceTree = "<group>";
		};
		46FBD0A31F054DB2004D1A29 /* CustomCount */ = {
			isa = PBXGroup;
			children = (
				46FBD0A41F054DB2004D1A29 /* AppDelegate.swift */,
				46FBD0A61F054DB2004D1A29 /* ViewController.swift */,
				46FBD0A81F054DB2004D1A29 /* Main.storyboard */,
				46FBD0AB1F054DB2004D1A29 /* Assets.xcassets */,
				46FBD0AD1F054DB2004D1A29 /* LaunchScreen.storyboard */,
				46FBD0B01F054DB2004D1A29 /* Info.plist */,
			);
			path = CustomCount;
			sourceTree = "<group>";
		};
/* End PBXGroup section */

/* Begin PBXNativeTarget section */
		46FBD0A01F054DB2004D1A29 /* CustomCount */ = {
			isa = PBXNativeTarget;
			buildConfigurationList = 46FBD0B31F054DB2004D1A29 /* Build configuration list for PBXNativeTarget "CustomCount" */;
			buildPhases = (
				46FBD09D1F054DB2004D1A29 /* Sources */,
				46FBD09E1F054DB2004D1A29 /* Frameworks */,
				46FBD09F1F054DB2004D1A29 /* Resources */,
			);
			buildRules = (
			);
			dependencies = (
			);
			name = CustomCount;
			productName = CustomCount;
			productReference = 46FBD0A11F054DB2004D1A29 /* CustomCount.app */;
			productType = "com.apple.product-type.application";
		};
/* End PBXNativeTarget section */

/* Begin PBXProject section */
		46FBD0991F054DB2004D1A29 /* Project object */ = {
			isa = PBXProject;
			attributes = {
				LastSwiftUpdateCheck = 0830;
				LastUpgradeCheck = 0830;
				ORGANIZATIONNAME = "藤井陽介";
				TargetAttributes = {
					46FBD0A01F054DB2004D1A29 = {
						CreatedOnToolsVersion = 8.3.3;
						DevelopmentTeam = B4S4333JDW;
						ProvisioningStyle = Automatic;
					};
				};
			};
			buildConfigurationList = 46FBD09C1F054DB2004D1A29 /* Build configuration list for PBXProject "CustomCount" */;
			compatibilityVersion = "Xcode 3.2";
			developmentRegion = English;
			hasScannedForEncodings = 0;
			knownRegions = (
				en,
				Base,
			);
			mainGroup = 46FBD0981F054DB2004D1A29;
			productRefGroup = 46FBD0A21F054DB2004D1A29 /* Products */;
			projectDirPath = "";
			projectRoot = "";
			targets = (
				46FBD0A01F054DB2004D1A29 /* CustomCount */,
			);
		};
/* End PBXProject section */

/* Begin PBXResourcesBuildPhase section */
		46FBD09F1F054DB2004D1A29 /* Resources */ = {
			isa = PBXResourcesBuildPhase;
			buildActionMask = 2147483647;
			files = (
				46FBD0AF1F054DB2004D1A29 /* LaunchScreen.storyboard in Resources */,
				46FBD0AC1F054DB2004D1A29 /* Assets.xcassets in Resources */,
				46FBD0AA1F054DB2004D1A29 /* Main.storyboard in Resources */,
			);
			runOnlyForDeploymentPostprocessing = 0;
		};
/* End PBXResourcesBuildPhase section */

/* Begin PBXSourcesBuildPhase section */
		46FBD09D1F054DB2004D1A29 /* Sources */ = {
			isa = PBXSourcesBuildPhase;
			buildActionMask = 2147483647;
			files = (
				46FBD0A71F054DB2004D1A29 /* ViewController.swift in Sources */,
				46FBD0A51F054DB2004D1A29 /* AppDelegate.swift in Sources */,
			);
			runOnlyForDeploymentPostprocessing = 0;
		};
/* End PBXSourcesBuildPhase section */

/* Begin PBXVariantGroup section */
		46FBD0A81F054DB2004D1A29 /* Main.storyboard */ = {
			isa = PBXVariantGroup;
			children = (
				46FBD0A91F054DB2004D1A29 /* Base */,
			);
			name = Main.storyboard;
			sourceTree = "<group>";
		};
		46FBD0AD1F054DB2004D1A29 /* LaunchScreen.storyboard */ = {
			isa = PBXVariantGroup;
			children = (
				46FBD0AE1F054DB2004D1A29 /* Base */,
			);
			name = LaunchScreen.storyboard;
			sourceTree = "<group>";
		};
/* End PBXVariantGroup section */

/* Begin XCBuildConfiguration section */
		46FBD0B11F054DB2004D1A29 /* Debug */ = {
			isa = XCBuildConfiguration;
			buildSettings = {
				ALWAYS_SEARCH_USER_PATHS = NO;
				CLANG_ANALYZER_NONNULL = YES;
				CLANG_ANALYZER_NUMBER_OBJECT_CONVERSION = YES_AGGRESSIVE;
				CLANG_CXX_LANGUAGE_STANDARD = "gnu++0x";
				CLANG_CXX_LIBRARY = "libc++";
				CLANG_ENABLE_MODULES = YES;
				CLANG_ENABLE_OBJC_ARC = YES;
				CLANG_WARN_BOOL_CONVERSION = YES;
				CLANG_WARN_CONSTANT_CONVERSION = YES;
				CLANG_WARN_DIRECT_OBJC_ISA_USAGE = YES_ERROR;
				CLANG_WARN_DOCUMENTATION_COMMENTS = YES;
				CLANG_WARN_EMPTY_BODY = YES;
				CLANG_WARN_ENUM_CONVERSION = YES;
				CLANG_WARN_INFINITE_RECURSION = YES;
				CLANG_WARN_INT_CONVERSION = YES;
				CLANG_WARN_OBJC_ROOT_CLASS = YES_ERROR;
				CLANG_WARN_SUSPICIOUS_MOVE = YES;
				CLANG_WARN_UNREACHABLE_CODE = YES;
				CLANG_WARN__DUPLICATE_METHOD_MATCH = YES;
				"CODE_SIGN_IDENTITY[sdk=iphoneos*]" = "iPhone Developer";
				COPY_PHASE_STRIP = NO;
				DEBUG_INFORMATION_FORMAT = dwarf;
				ENABLE_STRICT_OBJC_MSGSEND = YES;
				ENABLE_TESTABILITY = YES;
				GCC_C_LANGUAGE_STANDARD = gnu99;
				GCC_DYNAMIC_NO_PIC = NO;
				GCC_NO_COMMON_BLOCKS = YES;
				GCC_OPTIMIZATION_LEVEL = 0;
				GCC_PREPROCESSOR_DEFINITIONS = (
					"DEBUG=1",
					"$(inherited)",
				);
				GCC_WARN_64_TO_32_BIT_CONVERSION = YES;
				GCC_WARN_ABOUT_RETURN_TYPE = YES_ERROR;
				GCC_WARN_UNDECLARED_SELECTOR = YES;
				GCC_WARN_UNINITIALIZED_AUTOS = YES_AGGRESSIVE;
				GCC_WARN_UNUSED_FUNCTION = YES;
				GCC_WARN_UNUSED_VARIABLE = YES;
				IPHONEOS_DEPLOYMENT_TARGET = 10.3;
				MTL_ENABLE_DEBUG_INFO = YES;
				ONLY_ACTIVE_ARCH = YES;
				SDKROOT = iphoneos;
				SWIFT_ACTIVE_COMPILATION_CONDITIONS = DEBUG;
				SWIFT_OPTIMIZATION_LEVEL = "-Onone";
				TARGETED_DEVICE_FAMILY = "1,2";
			};
			name = Debug;
		};
		46FBD0B21F054DB2004D1A29 /* Release */ = {
			isa = XCBuildConfiguration;
			buildSettings = {
				ALWAYS_SEARCH_USER_PATHS = NO;
				CLANG_ANALYZER_NONNULL = YES;
				CLANG_ANALYZER_NUMBER_OBJECT_CONVERSION = YES_AGGRESSIVE;
				CLANG_CXX_LANGUAGE_STANDARD = "gnu++0x";
				CLANG_CXX_LIBRARY = "libc++";
				CLANG_ENABLE_MODULES = YES;
				CLANG_ENABLE_OBJC_ARC = YES;
				CLANG_WARN_BOOL_CONVERSION = YES;
				CLANG_WARN_CONSTANT_CONVERSION = YES;
				CLANG_WARN_DIRECT_OBJC_ISA_USAGE = YES_ERROR;
				CLANG_WARN_DOCUMENTATION_COMMENTS = YES;
				CLANG_WARN_EMPTY_BODY = YES;
				CLANG_WARN_ENUM_CONVERSION = YES;
				CLANG_WARN_INFINITE_RECURSION = YES;
				CLANG_WARN_INT_CONVERSION = YES;
				CLANG_WARN_OBJC_ROOT_CLASS = YES_ERROR;
				CLANG_WARN_SUSPICIOUS_MOVE = YES;
				CLANG_WARN_UNREACHABLE_CODE = YES;
				CLANG_WARN__DUPLICATE_METHOD_MATCH = YES;
				"CODE_SIGN_IDENTITY[sdk=iphoneos*]" = "iPhone Developer";
				COPY_PHASE_STRIP = NO;
				DEBUG_INFORMATION_FORMAT = "dwarf-with-dsym";
				ENABLE_NS_ASSERTIONS = NO;
				ENABLE_STRICT_OBJC_MSGSEND = YES;
				GCC_C_LANGUAGE_STANDARD = gnu99;
				GCC_NO_COMMON_BLOCKS = YES;
				GCC_WARN_64_TO_32_BIT_CONVERSION = YES;
				GCC_WARN_ABOUT_RETURN_TYPE = YES_ERROR;
				GCC_WARN_UNDECLARED_SELECTOR = YES;
				GCC_WARN_UNINITIALIZED_AUTOS = YES_AGGRESSIVE;
				GCC_WARN_UNUSED_FUNCTION = YES;
				GCC_WARN_UNUSED_VARIABLE = YES;
				IPHONEOS_DEPLOYMENT_TARGET = 10.3;
				MTL_ENABLE_DEBUG_INFO = NO;
				SDKROOT = iphoneos;
				SWIFT_OPTIMIZATION_LEVEL = "-Owholemodule";
				TARGETED_DEVICE_FAMILY = "1,2";
				VALIDATE_PRODUCT = YES;
			};
			name = Release;
		};
		46FBD0B41F054DB2004D1A29 /* Debug */ = {
			isa = XCBuildConfiguration;
			buildSettings = {
				ASSETCATALOG_COMPILER_APPICON_NAME = AppIcon;
				DEVELOPMENT_TEAM = B4S4333JDW;
				INFOPLIST_FILE = CustomCount/Info.plist;
				LD_RUNPATH_SEARCH_PATHS = "$(inherited) @executable_path/Frameworks";
				PRODUCT_BUNDLE_IDENTIFIER = com.dev.touyou.CustomCount;
				PRODUCT_NAME = "$(TARGET_NAME)";
				SWIFT_VERSION = 3.0;
			};
			name = Debug;
		};
		46FBD0B51F054DB2004D1A29 /* Release */ = {
			isa = XCBuildConfiguration;
			buildSettings = {
				ASSETCATALOG_COMPILER_APPICON_NAME = AppIcon;
				DEVELOPMENT_TEAM = B4S4333JDW;
				INFOPLIST_FILE = CustomCount/Info.plist;
				LD_RUNPATH_SEARCH_PATHS = "$(inherited) @executable_path/Frameworks";
				PRODUCT_BUNDLE_IDENTIFIER = com.dev.touyou.CustomCount;
				PRODUCT_NAME = "$(TARGET_NAME)";
				SWIFT_VERSION = 3.0;
			};
			name = Release;
		};
/* End XCBuildConfiguration section */

/* Begin XCConfigurationList section */
		46FBD09C1F054DB2004D1A29 /* Build configuration list for PBXProject "CustomCount" */ = {
			isa = XCConfigurationList;
			buildConfigurations = (
				46FBD0B11F054DB2004D1A29 /* Debug */,
				46FBD0B21F054DB2004D1A29 /* Release */,
			);
			defaultConfigurationIsVisible = 0;
			defaultConfigurationName = Release;
		};
		46FBD0B31F054DB2004D1A29 /* Build configuration list for PBXNativeTarget "CustomCount" */ = {
			isa = XCConfigurationList;
			buildConfigurations = (
				46FBD0B41F054DB2004D1A29 /* Debug */,
				46FBD0B51F054DB2004D1A29 /* Release */,
			);
			defaultConfigurationIsVisible = 0;
		};
/* End XCConfigurationList section */
	};
	rootObject = 46FBD0991F054DB2004D1A29 /* Project object */;
}
